// !$*UTF8*$!
{
	archiveVersion = 1;
	classes = {
	};
	objectVersion = 51;
	objects = {

/* Begin PBXBuildFile section */
		9528A921240D9C110092BB98 /* flltest.pb.swift in Sources */ = {isa = PBXBuildFile; fileRef = 9528A920240D9C100092BB98 /* flltest.pb.swift */; };
		957EE5A32406FDC5003B51B2 /* GDTCCTWatchOSTestAppWatchKitApp.app in Embed Watch Content */ = {isa = PBXBuildFile; fileRef = 957EE5A22406FDC5003B51B2 /* GDTCCTWatchOSTestAppWatchKitApp.app */; settings = {ATTRIBUTES = (RemoveHeadersOnCopy, ); }; };
		957EE5A92406FDC5003B51B2 /* Interface.storyboard in Resources */ = {isa = PBXBuildFile; fileRef = 957EE5A72406FDC5003B51B2 /* Interface.storyboard */; };
		957EE5AB2406FDC6003B51B2 /* Assets.xcassets in Resources */ = {isa = PBXBuildFile; fileRef = 957EE5AA2406FDC6003B51B2 /* Assets.xcassets */; };
		957EE5B22406FDC6003B51B2 /* GDTCCTWatchOSTestAppWatchKitExtension.appex in Embed App Extensions */ = {isa = PBXBuildFile; fileRef = 957EE5B12406FDC6003B51B2 /* GDTCCTWatchOSTestAppWatchKitExtension.appex */; settings = {ATTRIBUTES = (RemoveHeadersOnCopy, ); }; };
		957EE5B72406FDC6003B51B2 /* InterfaceController.swift in Sources */ = {isa = PBXBuildFile; fileRef = 957EE5B62406FDC6003B51B2 /* InterfaceController.swift */; };
		957EE5B92406FDC6003B51B2 /* ExtensionDelegate.swift in Sources */ = {isa = PBXBuildFile; fileRef = 957EE5B82406FDC6003B51B2 /* ExtensionDelegate.swift */; };
		957EE5BB2406FDC6003B51B2 /* NotificationController.swift in Sources */ = {isa = PBXBuildFile; fileRef = 957EE5BA2406FDC6003B51B2 /* NotificationController.swift */; };
		957EE5BD2406FDC7003B51B2 /* Assets.xcassets in Resources */ = {isa = PBXBuildFile; fileRef = 957EE5BC2406FDC7003B51B2 /* Assets.xcassets */; };
		957EE5CE24070574003B51B2 /* gdthelpers.swift in Sources */ = {isa = PBXBuildFile; fileRef = 957EE5CD24070574003B51B2 /* gdthelpers.swift */; };
/* End PBXBuildFile section */

/* Begin PBXContainerItemProxy section */
		957EE5A42406FDC5003B51B2 /* PBXContainerItemProxy */ = {
			isa = PBXContainerItemProxy;
			containerPortal = 957EE5982406FDC5003B51B2 /* Project object */;
			proxyType = 1;
			remoteGlobalIDString = 957EE5A12406FDC5003B51B2;
			remoteInfo = "GDTCCTWatchOSTestApp WatchKit App";
		};
		957EE5B32406FDC6003B51B2 /* PBXContainerItemProxy */ = {
			isa = PBXContainerItemProxy;
			containerPortal = 957EE5982406FDC5003B51B2 /* Project object */;
			proxyType = 1;
			remoteGlobalIDString = 957EE5B02406FDC6003B51B2;
			remoteInfo = "GDTCCTWatchOSTestApp WatchKit Extension";
		};
/* End PBXContainerItemProxy section */

/* Begin PBXCopyFilesBuildPhase section */
		957EE5C52406FDC7003B51B2 /* Embed App Extensions */ = {
			isa = PBXCopyFilesBuildPhase;
			buildActionMask = 2147483647;
			dstPath = "";
			dstSubfolderSpec = 13;
			files = (
				957EE5B22406FDC6003B51B2 /* GDTCCTWatchOSTestAppWatchKitExtension.appex in Embed App Extensions */,
			);
			name = "Embed App Extensions";
			runOnlyForDeploymentPostprocessing = 0;
		};
		957EE5C92406FDC7003B51B2 /* Embed Watch Content */ = {
			isa = PBXCopyFilesBuildPhase;
			buildActionMask = 2147483647;
			dstPath = "$(CONTENTS_FOLDER_PATH)/Watch";
			dstSubfolderSpec = 16;
			files = (
				957EE5A32406FDC5003B51B2 /* GDTCCTWatchOSTestAppWatchKitApp.app in Embed Watch Content */,
			);
			name = "Embed Watch Content";
			runOnlyForDeploymentPostprocessing = 0;
		};
/* End PBXCopyFilesBuildPhase section */

/* Begin PBXFileReference section */
		9528A920240D9C100092BB98 /* flltest.pb.swift */ = {isa = PBXFileReference; fileEncoding = 4; lastKnownFileType = sourcecode.swift; name = flltest.pb.swift; path = ../../GDTCCTTestApp/proto/flltest.pb.swift; sourceTree = "<group>"; };
		957EE59E2406FDC5003B51B2 /* GDTCCTWatchOSTestApp.app */ = {isa = PBXFileReference; explicitFileType = wrapper.application; includeInIndex = 0; path = GDTCCTWatchOSTestApp.app; sourceTree = BUILT_PRODUCTS_DIR; };
		957EE5A22406FDC5003B51B2 /* GDTCCTWatchOSTestAppWatchKitApp.app */ = {isa = PBXFileReference; explicitFileType = wrapper.application; includeInIndex = 0; path = GDTCCTWatchOSTestAppWatchKitApp.app; sourceTree = BUILT_PRODUCTS_DIR; };
		957EE5A82406FDC5003B51B2 /* Base */ = {isa = PBXFileReference; lastKnownFileType = file.storyboard; name = Base; path = Base.lproj/Interface.storyboard; sourceTree = "<group>"; };
		957EE5AA2406FDC6003B51B2 /* Assets.xcassets */ = {isa = PBXFileReference; lastKnownFileType = folder.assetcatalog; path = Assets.xcassets; sourceTree = "<group>"; };
		957EE5AC2406FDC6003B51B2 /* Info.plist */ = {isa = PBXFileReference; lastKnownFileType = text.plist.xml; path = Info.plist; sourceTree = "<group>"; };
		957EE5B12406FDC6003B51B2 /* GDTCCTWatchOSTestAppWatchKitExtension.appex */ = {isa = PBXFileReference; explicitFileType = "wrapper.app-extension"; includeInIndex = 0; path = GDTCCTWatchOSTestAppWatchKitExtension.appex; sourceTree = BUILT_PRODUCTS_DIR; };
		957EE5B62406FDC6003B51B2 /* InterfaceController.swift */ = {isa = PBXFileReference; lastKnownFileType = sourcecode.swift; path = InterfaceController.swift; sourceTree = "<group>"; };
		957EE5B82406FDC6003B51B2 /* ExtensionDelegate.swift */ = {isa = PBXFileReference; lastKnownFileType = sourcecode.swift; path = ExtensionDelegate.swift; sourceTree = "<group>"; };
		957EE5BA2406FDC6003B51B2 /* NotificationController.swift */ = {isa = PBXFileReference; lastKnownFileType = sourcecode.swift; path = NotificationController.swift; sourceTree = "<group>"; };
		957EE5BC2406FDC7003B51B2 /* Assets.xcassets */ = {isa = PBXFileReference; lastKnownFileType = folder.assetcatalog; path = Assets.xcassets; sourceTree = "<group>"; };
		957EE5BE2406FDC7003B51B2 /* Info.plist */ = {isa = PBXFileReference; lastKnownFileType = text.plist.xml; path = Info.plist; sourceTree = "<group>"; };
		957EE5BF2406FDC7003B51B2 /* PushNotificationPayload.apns */ = {isa = PBXFileReference; lastKnownFileType = text; path = PushNotificationPayload.apns; sourceTree = "<group>"; };
		957EE5CD24070574003B51B2 /* gdthelpers.swift */ = {isa = PBXFileReference; lastKnownFileType = sourcecode.swift; path = gdthelpers.swift; sourceTree = "<group>"; };
/* End PBXFileReference section */

/* Begin PBXFrameworksBuildPhase section */
		327115F7150225E2FA2658E4 /* Frameworks */ = {
			isa = PBXFrameworksBuildPhase;
			buildActionMask = 2147483647;
			files = (
			);
			runOnlyForDeploymentPostprocessing = 0;
		};
		957EE5AE2406FDC6003B51B2 /* Frameworks */ = {
			isa = PBXFrameworksBuildPhase;
			buildActionMask = 2147483647;
			files = (
			);
			runOnlyForDeploymentPostprocessing = 0;
		};
		BB7DB4AEED17031D620A0270 /* Frameworks */ = {
			isa = PBXFrameworksBuildPhase;
			buildActionMask = 2147483647;
			files = (
			);
			runOnlyForDeploymentPostprocessing = 0;
		};
/* End PBXFrameworksBuildPhase section */

/* Begin PBXGroup section */
		770E1356BCADE7C77E8F83ED /* Pods */ = {
			isa = PBXGroup;
			children = (
			);
			path = Pods;
			sourceTree = "<group>";
		};
		957EE5972406FDC5003B51B2 = {
			isa = PBXGroup;
			children = (
				957EE5A62406FDC5003B51B2 /* GDTCCTWatchOSTestAppWatchKitApp */,
				957EE5B52406FDC6003B51B2 /* GDTCCTWatchOSTestAppWatchKitExtension */,
				957EE59F2406FDC5003B51B2 /* Products */,
				770E1356BCADE7C77E8F83ED /* Pods */,
			);
			sourceTree = "<group>";
		};
		957EE59F2406FDC5003B51B2 /* Products */ = {
			isa = PBXGroup;
			children = (
				957EE59E2406FDC5003B51B2 /* GDTCCTWatchOSTestApp.app */,
				957EE5A22406FDC5003B51B2 /* GDTCCTWatchOSTestAppWatchKitApp.app */,
				957EE5B12406FDC6003B51B2 /* GDTCCTWatchOSTestAppWatchKitExtension.appex */,
			);
			name = Products;
			sourceTree = "<group>";
		};
		957EE5A62406FDC5003B51B2 /* GDTCCTWatchOSTestAppWatchKitApp */ = {
			isa = PBXGroup;
			children = (
				957EE5A72406FDC5003B51B2 /* Interface.storyboard */,
				957EE5AA2406FDC6003B51B2 /* Assets.xcassets */,
				957EE5AC2406FDC6003B51B2 /* Info.plist */,
			);
			path = GDTCCTWatchOSTestAppWatchKitApp;
			sourceTree = "<group>";
		};
		957EE5B52406FDC6003B51B2 /* GDTCCTWatchOSTestAppWatchKitExtension */ = {
			isa = PBXGroup;
			children = (
				9528A920240D9C100092BB98 /* flltest.pb.swift */,
				957EE5B62406FDC6003B51B2 /* InterfaceController.swift */,
				957EE5B82406FDC6003B51B2 /* ExtensionDelegate.swift */,
				957EE5BA2406FDC6003B51B2 /* NotificationController.swift */,
				957EE5BC2406FDC7003B51B2 /* Assets.xcassets */,
				957EE5BE2406FDC7003B51B2 /* Info.plist */,
				957EE5BF2406FDC7003B51B2 /* PushNotificationPayload.apns */,
				957EE5CD24070574003B51B2 /* gdthelpers.swift */,
			);
			path = GDTCCTWatchOSTestAppWatchKitExtension;
			sourceTree = "<group>";
		};
/* End PBXGroup section */

/* Begin PBXNativeTarget section */
		957EE59D2406FDC5003B51B2 /* GDTCCTWatchOSTestApp */ = {
			isa = PBXNativeTarget;
			buildConfigurationList = 957EE5CA2406FDC7003B51B2 /* Build configuration list for PBXNativeTarget "GDTCCTWatchOSTestApp" */;
			buildPhases = (
				957EE59C2406FDC5003B51B2 /* Resources */,
				957EE5C92406FDC7003B51B2 /* Embed Watch Content */,
				BB7DB4AEED17031D620A0270 /* Frameworks */,
			);
			buildRules = (
			);
			dependencies = (
				957EE5A52406FDC5003B51B2 /* PBXTargetDependency */,
			);
			name = GDTCCTWatchOSTestApp;
			productName = GDTCCTWatchOSTestApp;
			productReference = 957EE59E2406FDC5003B51B2 /* GDTCCTWatchOSTestApp.app */;
			productType = "com.apple.product-type.application.watchapp2-container";
		};
		957EE5A12406FDC5003B51B2 /* GDTCCTWatchOSTestAppWatchKitApp */ = {
			isa = PBXNativeTarget;
			buildConfigurationList = 957EE5C62406FDC7003B51B2 /* Build configuration list for PBXNativeTarget "GDTCCTWatchOSTestAppWatchKitApp" */;
			buildPhases = (
				957EE5A02406FDC5003B51B2 /* Resources */,
				957EE5C52406FDC7003B51B2 /* Embed App Extensions */,
				327115F7150225E2FA2658E4 /* Frameworks */,
			);
			buildRules = (
			);
			dependencies = (
				957EE5B42406FDC6003B51B2 /* PBXTargetDependency */,
			);
			name = GDTCCTWatchOSTestAppWatchKitApp;
			productName = "GDTCCTWatchOSTestApp WatchKit App";
			productReference = 957EE5A22406FDC5003B51B2 /* GDTCCTWatchOSTestAppWatchKitApp.app */;
			productType = "com.apple.product-type.application.watchapp2";
		};
		957EE5B02406FDC6003B51B2 /* GDTCCTWatchOSTestAppWatchKitExtension */ = {
			isa = PBXNativeTarget;
			buildConfigurationList = 957EE5C22406FDC7003B51B2 /* Build configuration list for PBXNativeTarget "GDTCCTWatchOSTestAppWatchKitExtension" */;
			buildPhases = (
				957EE5AD2406FDC6003B51B2 /* Sources */,
				957EE5AE2406FDC6003B51B2 /* Frameworks */,
				957EE5AF2406FDC6003B51B2 /* Resources */,
			);
			buildRules = (
			);
			dependencies = (
			);
			name = GDTCCTWatchOSTestAppWatchKitExtension;
			productName = "GDTCCTWatchOSTestApp WatchKit Extension";
			productReference = 957EE5B12406FDC6003B51B2 /* GDTCCTWatchOSTestAppWatchKitExtension.appex */;
			productType = "com.apple.product-type.watchkit2-extension";
		};
/* End PBXNativeTarget section */

/* Begin PBXProject section */
		957EE5982406FDC5003B51B2 /* Project object */ = {
			isa = PBXProject;
			attributes = {
				LastSwiftUpdateCheck = 1130;
				LastUpgradeCheck = 1130;
				ORGANIZATIONNAME = Google;
				TargetAttributes = {
					957EE59D2406FDC5003B51B2 = {
						CreatedOnToolsVersion = 11.3;
						LastSwiftMigration = 1130;
					};
					957EE5A12406FDC5003B51B2 = {
						CreatedOnToolsVersion = 11.3;
						LastSwiftMigration = 1130;
					};
					957EE5B02406FDC6003B51B2 = {
						CreatedOnToolsVersion = 11.3;
					};
				};
			};
			buildConfigurationList = 957EE59B2406FDC5003B51B2 /* Build configuration list for PBXProject "GDTCCTWatchOSTestApp" */;
			compatibilityVersion = "Xcode 9.3";
			developmentRegion = en;
			hasScannedForEncodings = 0;
			knownRegions = (
				en,
				Base,
			);
			mainGroup = 957EE5972406FDC5003B51B2;
			productRefGroup = 957EE59F2406FDC5003B51B2 /* Products */;
			projectDirPath = "";
			projectRoot = "";
			targets = (
				957EE59D2406FDC5003B51B2 /* GDTCCTWatchOSTestApp */,
				957EE5A12406FDC5003B51B2 /* GDTCCTWatchOSTestAppWatchKitApp */,
				957EE5B02406FDC6003B51B2 /* GDTCCTWatchOSTestAppWatchKitExtension */,
			);
		};
/* End PBXProject section */

/* Begin PBXResourcesBuildPhase section */
		957EE59C2406FDC5003B51B2 /* Resources */ = {
			isa = PBXResourcesBuildPhase;
			buildActionMask = 2147483647;
			files = (
			);
			runOnlyForDeploymentPostprocessing = 0;
		};
		957EE5A02406FDC5003B51B2 /* Resources */ = {
			isa = PBXResourcesBuildPhase;
			buildActionMask = 2147483647;
			files = (
				957EE5AB2406FDC6003B51B2 /* Assets.xcassets in Resources */,
				957EE5A92406FDC5003B51B2 /* Interface.storyboard in Resources */,
			);
			runOnlyForDeploymentPostprocessing = 0;
		};
		957EE5AF2406FDC6003B51B2 /* Resources */ = {
			isa = PBXResourcesBuildPhase;
			buildActionMask = 2147483647;
			files = (
				957EE5BD2406FDC7003B51B2 /* Assets.xcassets in Resources */,
			);
			runOnlyForDeploymentPostprocessing = 0;
		};
/* End PBXResourcesBuildPhase section */

/* Begin PBXSourcesBuildPhase section */
		957EE5AD2406FDC6003B51B2 /* Sources */ = {
			isa = PBXSourcesBuildPhase;
			buildActionMask = 2147483647;
			files = (
				957EE5BB2406FDC6003B51B2 /* NotificationController.swift in Sources */,
				9528A921240D9C110092BB98 /* flltest.pb.swift in Sources */,
				957EE5CE24070574003B51B2 /* gdthelpers.swift in Sources */,
				957EE5B92406FDC6003B51B2 /* ExtensionDelegate.swift in Sources */,
				957EE5B72406FDC6003B51B2 /* InterfaceController.swift in Sources */,
			);
			runOnlyForDeploymentPostprocessing = 0;
		};
/* End PBXSourcesBuildPhase section */

/* Begin PBXTargetDependency section */
		957EE5A52406FDC5003B51B2 /* PBXTargetDependency */ = {
			isa = PBXTargetDependency;
			target = 957EE5A12406FDC5003B51B2 /* GDTCCTWatchOSTestAppWatchKitApp */;
			targetProxy = 957EE5A42406FDC5003B51B2 /* PBXContainerItemProxy */;
		};
		957EE5B42406FDC6003B51B2 /* PBXTargetDependency */ = {
			isa = PBXTargetDependency;
			target = 957EE5B02406FDC6003B51B2 /* GDTCCTWatchOSTestAppWatchKitExtension */;
			targetProxy = 957EE5B32406FDC6003B51B2 /* PBXContainerItemProxy */;
		};
/* End PBXTargetDependency section */

/* Begin PBXVariantGroup section */
		957EE5A72406FDC5003B51B2 /* Interface.storyboard */ = {
			isa = PBXVariantGroup;
			children = (
				957EE5A82406FDC5003B51B2 /* Base */,
			);
			name = Interface.storyboard;
			sourceTree = "<group>";
		};
/* End PBXVariantGroup section */

/* Begin XCBuildConfiguration section */
		957EE5C02406FDC7003B51B2 /* Debug */ = {
			isa = XCBuildConfiguration;
			buildSettings = {
				ALWAYS_SEARCH_USER_PATHS = NO;
				CLANG_ANALYZER_NONNULL = YES;
				CLANG_ANALYZER_NUMBER_OBJECT_CONVERSION = YES_AGGRESSIVE;
				CLANG_CXX_LANGUAGE_STANDARD = "gnu++14";
				CLANG_CXX_LIBRARY = "libc++";
				CLANG_ENABLE_MODULES = YES;
				CLANG_ENABLE_OBJC_ARC = YES;
				CLANG_ENABLE_OBJC_WEAK = YES;
				CLANG_WARN_BLOCK_CAPTURE_AUTORELEASING = YES;
				CLANG_WARN_BOOL_CONVERSION = YES;
				CLANG_WARN_COMMA = YES;
				CLANG_WARN_CONSTANT_CONVERSION = YES;
				CLANG_WARN_DEPRECATED_OBJC_IMPLEMENTATIONS = YES;
				CLANG_WARN_DIRECT_OBJC_ISA_USAGE = YES_ERROR;
				CLANG_WARN_DOCUMENTATION_COMMENTS = YES;
				CLANG_WARN_EMPTY_BODY = YES;
				CLANG_WARN_ENUM_CONVERSION = YES;
				CLANG_WARN_INFINITE_RECURSION = YES;
				CLANG_WARN_INT_CONVERSION = YES;
				CLANG_WARN_NON_LITERAL_NULL_CONVERSION = YES;
				CLANG_WARN_OBJC_IMPLICIT_RETAIN_SELF = YES;
				CLANG_WARN_OBJC_LITERAL_CONVERSION = YES;
				CLANG_WARN_OBJC_ROOT_CLASS = YES_ERROR;
				CLANG_WARN_RANGE_LOOP_ANALYSIS = YES;
				CLANG_WARN_STRICT_PROTOTYPES = YES;
				CLANG_WARN_SUSPICIOUS_MOVE = YES;
				CLANG_WARN_UNGUARDED_AVAILABILITY = YES_AGGRESSIVE;
				CLANG_WARN_UNREACHABLE_CODE = YES;
				CLANG_WARN__DUPLICATE_METHOD_MATCH = YES;
				COPY_PHASE_STRIP = NO;
				DEBUG_INFORMATION_FORMAT = dwarf;
				ENABLE_STRICT_OBJC_MSGSEND = YES;
				ENABLE_TESTABILITY = YES;
				GCC_C_LANGUAGE_STANDARD = gnu11;
				GCC_DYNAMIC_NO_PIC = NO;
				GCC_NO_COMMON_BLOCKS = YES;
				GCC_OPTIMIZATION_LEVEL = 0;
				GCC_PREPROCESSOR_DEFINITIONS = (
					"DEBUG=1",
					"$(inherited)",
				);
				GCC_WARN_64_TO_32_BIT_CONVERSION = YES;
				GCC_WARN_ABOUT_RETURN_TYPE = YES_ERROR;
				GCC_WARN_UNDECLARED_SELECTOR = YES;
				GCC_WARN_UNINITIALIZED_AUTOS = YES_AGGRESSIVE;
				GCC_WARN_UNUSED_FUNCTION = YES;
				GCC_WARN_UNUSED_VARIABLE = YES;
				MTL_ENABLE_DEBUG_INFO = INCLUDE_SOURCE;
				MTL_FAST_MATH = YES;
				ONLY_ACTIVE_ARCH = YES;
				SDKROOT = iphoneos;
				SWIFT_ACTIVE_COMPILATION_CONDITIONS = DEBUG;
				SWIFT_OPTIMIZATION_LEVEL = "-Onone";
			};
			name = Debug;
		};
		957EE5C12406FDC7003B51B2 /* Release */ = {
			isa = XCBuildConfiguration;
			buildSettings = {
				ALWAYS_SEARCH_USER_PATHS = NO;
				CLANG_ANALYZER_NONNULL = YES;
				CLANG_ANALYZER_NUMBER_OBJECT_CONVERSION = YES_AGGRESSIVE;
				CLANG_CXX_LANGUAGE_STANDARD = "gnu++14";
				CLANG_CXX_LIBRARY = "libc++";
				CLANG_ENABLE_MODULES = YES;
				CLANG_ENABLE_OBJC_ARC = YES;
				CLANG_ENABLE_OBJC_WEAK = YES;
				CLANG_WARN_BLOCK_CAPTURE_AUTORELEASING = YES;
				CLANG_WARN_BOOL_CONVERSION = YES;
				CLANG_WARN_COMMA = YES;
				CLANG_WARN_CONSTANT_CONVERSION = YES;
				CLANG_WARN_DEPRECATED_OBJC_IMPLEMENTATIONS = YES;
				CLANG_WARN_DIRECT_OBJC_ISA_USAGE = YES_ERROR;
				CLANG_WARN_DOCUMENTATION_COMMENTS = YES;
				CLANG_WARN_EMPTY_BODY = YES;
				CLANG_WARN_ENUM_CONVERSION = YES;
				CLANG_WARN_INFINITE_RECURSION = YES;
				CLANG_WARN_INT_CONVERSION = YES;
				CLANG_WARN_NON_LITERAL_NULL_CONVERSION = YES;
				CLANG_WARN_OBJC_IMPLICIT_RETAIN_SELF = YES;
				CLANG_WARN_OBJC_LITERAL_CONVERSION = YES;
				CLANG_WARN_OBJC_ROOT_CLASS = YES_ERROR;
				CLANG_WARN_RANGE_LOOP_ANALYSIS = YES;
				CLANG_WARN_STRICT_PROTOTYPES = YES;
				CLANG_WARN_SUSPICIOUS_MOVE = YES;
				CLANG_WARN_UNGUARDED_AVAILABILITY = YES_AGGRESSIVE;
				CLANG_WARN_UNREACHABLE_CODE = YES;
				CLANG_WARN__DUPLICATE_METHOD_MATCH = YES;
				COPY_PHASE_STRIP = NO;
				DEBUG_INFORMATION_FORMAT = "dwarf-with-dsym";
				ENABLE_NS_ASSERTIONS = NO;
				ENABLE_STRICT_OBJC_MSGSEND = YES;
				GCC_C_LANGUAGE_STANDARD = gnu11;
				GCC_NO_COMMON_BLOCKS = YES;
				GCC_WARN_64_TO_32_BIT_CONVERSION = YES;
				GCC_WARN_ABOUT_RETURN_TYPE = YES_ERROR;
				GCC_WARN_UNDECLARED_SELECTOR = YES;
				GCC_WARN_UNINITIALIZED_AUTOS = YES_AGGRESSIVE;
				GCC_WARN_UNUSED_FUNCTION = YES;
				GCC_WARN_UNUSED_VARIABLE = YES;
				MTL_ENABLE_DEBUG_INFO = NO;
				MTL_FAST_MATH = YES;
				SDKROOT = iphoneos;
				SWIFT_COMPILATION_MODE = wholemodule;
				SWIFT_OPTIMIZATION_LEVEL = "-O";
				VALIDATE_PRODUCT = YES;
			};
			name = Release;
		};
		957EE5C32406FDC7003B51B2 /* Debug */ = {
			isa = XCBuildConfiguration;
			buildSettings = {
				ASSETCATALOG_COMPILER_COMPLICATION_NAME = Complication;
				CODE_SIGN_IDENTITY = "Apple Development";
				CODE_SIGN_STYLE = Manual;
				DEVELOPMENT_TEAM = "";
				INFOPLIST_FILE = GDTCCTWatchOSTestAppWatchKitExtension/Info.plist;
				LD_RUNPATH_SEARCH_PATHS = (
					"$(inherited)",
					"@executable_path/Frameworks",
					"@executable_path/../../Frameworks",
				);
				PRODUCT_BUNDLE_IDENTIFIER = GoogleDataTransport.GDTCCTWatchOSTestApp.watchkitapp.watchkitextension;
				PRODUCT_NAME = "${TARGET_NAME}";
				PROVISIONING_PROFILE_SPECIFIER = "";
				SDKROOT = watchos;
				SKIP_INSTALL = YES;
				SWIFT_VERSION = 5.0;
				TARGETED_DEVICE_FAMILY = 4;
				WATCHOS_DEPLOYMENT_TARGET = 6.1;
			};
			name = Debug;
		};
		957EE5C42406FDC7003B51B2 /* Release */ = {
			isa = XCBuildConfiguration;
			buildSettings = {
				ASSETCATALOG_COMPILER_COMPLICATION_NAME = Complication;
				CODE_SIGN_IDENTITY = "Apple Development";
				CODE_SIGN_STYLE = Manual;
				DEVELOPMENT_TEAM = "";
				INFOPLIST_FILE = GDTCCTWatchOSTestAppWatchKitExtension/Info.plist;
				LD_RUNPATH_SEARCH_PATHS = (
					"$(inherited)",
					"@executable_path/Frameworks",
					"@executable_path/../../Frameworks",
				);
				PRODUCT_BUNDLE_IDENTIFIER = GoogleDataTransport.GDTCCTWatchOSTestApp.watchkitapp.watchkitextension;
				PRODUCT_NAME = "${TARGET_NAME}";
				PROVISIONING_PROFILE_SPECIFIER = "";
				SDKROOT = watchos;
				SKIP_INSTALL = YES;
				SWIFT_VERSION = 5.0;
				TARGETED_DEVICE_FAMILY = 4;
				WATCHOS_DEPLOYMENT_TARGET = 6.1;
			};
			name = Release;
		};
		957EE5C72406FDC7003B51B2 /* Debug */ = {
			isa = XCBuildConfiguration;
			buildSettings = {
				ALWAYS_EMBED_SWIFT_STANDARD_LIBRARIES = YES;
				ASSETCATALOG_COMPILER_APPICON_NAME = AppIcon;
				CLANG_ENABLE_MODULES = YES;
				CODE_SIGN_IDENTITY = "Apple Development";
				CODE_SIGN_STYLE = Manual;
				DEVELOPMENT_TEAM = "";
				IBSC_MODULE = GDTCCTWatchOSTestApp_WatchKit_Extension;
				INFOPLIST_FILE = GDTCCTWatchOSTestAppWatchKitApp/Info.plist;
				LD_RUNPATH_SEARCH_PATHS = (
					"$(inherited)",
					"@executable_path/../Frameworks",
					"@loader_path/../Frameworks",
				);
				PRODUCT_BUNDLE_IDENTIFIER = GoogleDataTransport.GDTCCTWatchOSTestApp.watchkitapp;
				PRODUCT_NAME = "$(TARGET_NAME)";
				PROVISIONING_PROFILE_SPECIFIER = "";
				SDKROOT = watchos;
				SKIP_INSTALL = YES;
				SWIFT_OPTIMIZATION_LEVEL = "-Onone";
				SWIFT_VERSION = 5.0;
				TARGETED_DEVICE_FAMILY = 4;
				WATCHOS_DEPLOYMENT_TARGET = 6.1;
			};
			name = Debug;
		};
		957EE5C82406FDC7003B51B2 /* Release */ = {
			isa = XCBuildConfiguration;
			buildSettings = {
				ALWAYS_EMBED_SWIFT_STANDARD_LIBRARIES = YES;
				ASSETCATALOG_COMPILER_APPICON_NAME = AppIcon;
				CLANG_ENABLE_MODULES = YES;
				CODE_SIGN_IDENTITY = "Apple Development";
				CODE_SIGN_STYLE = Manual;
				DEVELOPMENT_TEAM = "";
				IBSC_MODULE = GDTCCTWatchOSTestApp_WatchKit_Extension;
				INFOPLIST_FILE = GDTCCTWatchOSTestAppWatchKitApp/Info.plist;
				LD_RUNPATH_SEARCH_PATHS = (
					"$(inherited)",
					"@executable_path/../Frameworks",
					"@loader_path/../Frameworks",
				);
				PRODUCT_BUNDLE_IDENTIFIER = GoogleDataTransport.GDTCCTWatchOSTestApp.watchkitapp;
				PRODUCT_NAME = "$(TARGET_NAME)";
				PROVISIONING_PROFILE_SPECIFIER = "";
				SDKROOT = watchos;
				SKIP_INSTALL = YES;
				SWIFT_VERSION = 5.0;
				TARGETED_DEVICE_FAMILY = 4;
				WATCHOS_DEPLOYMENT_TARGET = 6.1;
			};
			name = Release;
		};
		957EE5CB2406FDC7003B51B2 /* Debug */ = {
			isa = XCBuildConfiguration;
			buildSettings = {
				CLANG_ENABLE_MODULES = YES;
				CODE_SIGN_IDENTITY = "Apple Development";
				CODE_SIGN_STYLE = Manual;
				CURRENT_PROJECT_VERSION = 1;
				DEVELOPMENT_TEAM = "";
				LD_RUNPATH_SEARCH_PATHS = (
					"$(inherited)",
					"@executable_path/Frameworks",
					"@loader_path/Frameworks",
				);
				MARKETING_VERSION = 1.0;
				PRODUCT_BUNDLE_IDENTIFIER = GoogleDataTransport.GDTCCTWatchOSTestApp;
				PRODUCT_NAME = "$(TARGET_NAME)";
				PROVISIONING_PROFILE_SPECIFIER = "";
				SWIFT_OPTIMIZATION_LEVEL = "-Onone";
				SWIFT_VERSION = 5.0;
			};
			name = Debug;
		};
		957EE5CC2406FDC7003B51B2 /* Release */ = {
			isa = XCBuildConfiguration;
			buildSettings = {
				CLANG_ENABLE_MODULES = YES;
				CODE_SIGN_IDENTITY = "Apple Development";
				CODE_SIGN_STYLE = Manual;
				CURRENT_PROJECT_VERSION = 1;
				DEVELOPMENT_TEAM = "";
				LD_RUNPATH_SEARCH_PATHS = (
					"$(inherited)",
					"@executable_path/Frameworks",
					"@loader_path/Frameworks",
				);
				MARKETING_VERSION = 1.0;
				PRODUCT_BUNDLE_IDENTIFIER = GoogleDataTransport.GDTCCTWatchOSTestApp;
				PRODUCT_NAME = "$(TARGET_NAME)";
				PROVISIONING_PROFILE_SPECIFIER = "";
				SWIFT_VERSION = 5.0;
			};
			name = Release;
		};
/* End XCBuildConfiguration section */

/* Begin XCConfigurationList section */
		957EE59B2406FDC5003B51B2 /* Build configuration list for PBXProject "GDTCCTWatchOSTestApp" */ = {
			isa = XCConfigurationList;
			buildConfigurations = (
				957EE5C02406FDC7003B51B2 /* Debug */,
				957EE5C12406FDC7003B51B2 /* Release */,
			);
			defaultConfigurationIsVisible = 0;
			defaultConfigurationName = Release;
		};
		957EE5C22406FDC7003B51B2 /* Build configuration list for PBXNativeTarget "GDTCCTWatchOSTestAppWatchKitExtension" */ = {
			isa = XCConfigurationList;
			buildConfigurations = (
				957EE5C32406FDC7003B51B2 /* Debug */,
				957EE5C42406FDC7003B51B2 /* Release */,
			);
			defaultConfigurationIsVisible = 0;
			defaultConfigurationName = Release;
		};
		957EE5C62406FDC7003B51B2 /* Build configuration list for PBXNativeTarget "GDTCCTWatchOSTestAppWatchKitApp" */ = {
			isa = XCConfigurationList;
			buildConfigurations = (
				957EE5C72406FDC7003B51B2 /* Debug */,
				957EE5C82406FDC7003B51B2 /* Release */,
			);
			defaultConfigurationIsVisible = 0;
			defaultConfigurationName = Release;
		};
		957EE5CA2406FDC7003B51B2 /* Build configuration list for PBXNativeTarget "GDTCCTWatchOSTestApp" */ = {
			isa = XCConfigurationList;
			buildConfigurations = (
				957EE5CB2406FDC7003B51B2 /* Debug */,
				957EE5CC2406FDC7003B51B2 /* Release */,
			);
			defaultConfigurationIsVisible = 0;
			defaultConfigurationName = Release;
		};
/* End XCConfigurationList section */
	};
	rootObject = 957EE5982406FDC5003B51B2 /* Project object */;
}
