// !$*UTF8*$!
{
	archiveVersion = 1;
	classes = {
	};
	objectVersion = 51;
	objects = {

/* Begin PBXBuildFile section */
		5125CCA22437F471006CA5D0 /* Sample.xcdatamodeld in Sources */ = {isa = PBXBuildFile; fileRef = 5125CCA02437F471006CA5D0 /* Sample.xcdatamodeld */; };
		5125CCA92437F472006CA5D0 /* Preview Assets.xcassets in Resources */ = {isa = PBXBuildFile; fileRef = 5125CCA82437F472006CA5D0 /* Preview Assets.xcassets */; };
		5125CCAC2437F472006CA5D0 /* LaunchScreen.storyboard in Resources */ = {isa = PBXBuildFile; fileRef = 5125CCAA2437F472006CA5D0 /* LaunchScreen.storyboard */; };
		513771F2243BE5DE004503C3 /* Identity.swift in Sources */ = {isa = PBXBuildFile; fileRef = 513771F1243BE5DE004503C3 /* Identity.swift */; };
		517C607224C90470004A3AD2 /* NotificationService.swift in Sources */ = {isa = PBXBuildFile; fileRef = 517C607124C90470004A3AD2 /* NotificationService.swift */; };
		517C607624C90470004A3AD2 /* NotificationService.appex in Embed App Extensions */ = {isa = PBXBuildFile; fileRef = 517C606F24C90470004A3AD2 /* NotificationService.appex */; settings = {ATTRIBUTES = (RemoveHeadersOnCopy, ); }; };
		517C607E24CA4444004A3AD2 /* GoogleService-Info.plist in Resources */ = {isa = PBXBuildFile; fileRef = 517C607D24CA4444004A3AD2 /* GoogleService-Info.plist */; };
		51C544FB2457A86E0093D292 /* TopicView.swift in Sources */ = {isa = PBXBuildFile; fileRef = 51C544FA2457A86E0093D292 /* TopicView.swift */; };
		51C545122458E9A60093D292 /* logo.png in Resources */ = {isa = PBXBuildFile; fileRef = 51C545112458E9A60093D292 /* logo.png */; };
		51D4B021244684B4001A87BB /* UserSettings.swift in Sources */ = {isa = PBXBuildFile; fileRef = 51D4B020244684B4001A87BB /* UserSettings.swift */; };
/* End PBXBuildFile section */

/* Begin PBXContainerItemProxy section */
		517C607424C90470004A3AD2 /* PBXContainerItemProxy */ = {
			isa = PBXContainerItemProxy;
			containerPortal = 5125CC912437F471006CA5D0 /* Project object */;
			proxyType = 1;
			remoteGlobalIDString = 517C606E24C90470004A3AD2;
			remoteInfo = NotificationService;
		};
/* End PBXContainerItemProxy section */

/* Begin PBXCopyFilesBuildPhase section */
		517C607724C90470004A3AD2 /* Embed App Extensions */ = {
			isa = PBXCopyFilesBuildPhase;
			buildActionMask = 2147483647;
			dstPath = "";
			dstSubfolderSpec = 13;
			files = (
				517C607624C90470004A3AD2 /* NotificationService.appex in Embed App Extensions */,
			);
			name = "Embed App Extensions";
			runOnlyForDeploymentPostprocessing = 0;
		};
/* End PBXCopyFilesBuildPhase section */

/* Begin PBXFileReference section */
		5125CC992437F471006CA5D0 /* Sample.app */ = {isa = PBXFileReference; explicitFileType = wrapper.application; includeInIndex = 0; path = Sample.app; sourceTree = BUILT_PRODUCTS_DIR; };
		5125CCA12437F471006CA5D0 /* Sample.xcdatamodel */ = {isa = PBXFileReference; lastKnownFileType = wrapper.xcdatamodel; path = Sample.xcdatamodel; sourceTree = "<group>"; };
		5125CCA82437F472006CA5D0 /* Preview Assets.xcassets */ = {isa = PBXFileReference; lastKnownFileType = folder.assetcatalog; path = "Preview Assets.xcassets"; sourceTree = "<group>"; };
		5125CCAD2437F472006CA5D0 /* Info.plist */ = {isa = PBXFileReference; lastKnownFileType = text.plist.xml; path = Info.plist; sourceTree = "<group>"; };
		5125CCB32437F9A9006CA5D0 /* Sample.entitlements */ = {isa = PBXFileReference; lastKnownFileType = text.plist.entitlements; path = Sample.entitlements; sourceTree = "<group>"; };
<<<<<<< HEAD
		513771F1243BE5DE004503C3 /* Identity.swift */ = {isa = PBXFileReference; lastKnownFileType = sourcecode.swift; path = Identity.swift; sourceTree = "<group>"; };
		517C606F24C90470004A3AD2 /* NotificationService.appex */ = {isa = PBXFileReference; explicitFileType = "wrapper.app-extension"; includeInIndex = 0; path = NotificationService.appex; sourceTree = BUILT_PRODUCTS_DIR; };
		517C607124C90470004A3AD2 /* NotificationService.swift */ = {isa = PBXFileReference; lastKnownFileType = sourcecode.swift; path = NotificationService.swift; sourceTree = "<group>"; };
		517C607324C90470004A3AD2 /* Info.plist */ = {isa = PBXFileReference; lastKnownFileType = text.plist.xml; path = Info.plist; sourceTree = "<group>"; };
		517C607D24CA4444004A3AD2 /* GoogleService-Info.plist */ = {isa = PBXFileReference; fileEncoding = 4; lastKnownFileType = text.plist.xml; path = "GoogleService-Info.plist"; sourceTree = "<group>"; };
		51C544FA2457A86E0093D292 /* TopicView.swift */ = {isa = PBXFileReference; lastKnownFileType = sourcecode.swift; path = TopicView.swift; sourceTree = "<group>"; };
		51C545112458E9A60093D292 /* logo.png */ = {isa = PBXFileReference; lastKnownFileType = image.png; path = logo.png; sourceTree = "<group>"; };
		51D4B020244684B4001A87BB /* UserSettings.swift */ = {isa = PBXFileReference; lastKnownFileType = sourcecode.swift; path = UserSettings.swift; sourceTree = "<group>"; };
=======
		51944B6D258B12E300297021 /* Assets.xcassets */ = {isa = PBXFileReference; lastKnownFileType = folder.assetcatalog; name = Assets.xcassets; path = ../../Shared/Assets.xcassets; sourceTree = "<group>"; };
		51A1F3D52588405A0025932B /* Identity.swift */ = {isa = PBXFileReference; fileEncoding = 4; lastKnownFileType = sourcecode.swift; name = Identity.swift; path = ../../Shared/Identity.swift; sourceTree = "<group>"; };
		51A1F3D62588405A0025932B /* UserSettings.swift */ = {isa = PBXFileReference; fileEncoding = 4; lastKnownFileType = sourcecode.swift; name = UserSettings.swift; path = ../../Shared/UserSettings.swift; sourceTree = "<group>"; };
		51A1F3D72588405A0025932B /* TopicView.swift */ = {isa = PBXFileReference; fileEncoding = 4; lastKnownFileType = sourcecode.swift; name = TopicView.swift; path = ../../Shared/TopicView.swift; sourceTree = "<group>"; };
		51A1F3D82588405A0025932B /* SceneDelegate.swift */ = {isa = PBXFileReference; fileEncoding = 4; lastKnownFileType = sourcecode.swift; name = SceneDelegate.swift; path = ../../Shared/SceneDelegate.swift; sourceTree = "<group>"; };
		51A1F3DE2588406A0025932B /* AppDelegate.swift */ = {isa = PBXFileReference; fileEncoding = 4; lastKnownFileType = sourcecode.swift; name = AppDelegate.swift; path = ../../Shared/AppDelegate.swift; sourceTree = "<group>"; };
		51A1F3DF2588406A0025932B /* GoogleService-Info.plist */ = {isa = PBXFileReference; fileEncoding = 4; lastKnownFileType = text.plist.xml; name = "GoogleService-Info.plist"; path = "../../Shared/GoogleService-Info.plist"; sourceTree = "<group>"; };
		51A1F3E02588406A0025932B /* ContentView.swift */ = {isa = PBXFileReference; fileEncoding = 4; lastKnownFileType = sourcecode.swift; name = ContentView.swift; path = ../../Shared/ContentView.swift; sourceTree = "<group>"; };
		51C24C5125894EDB00236F25 /* Base */ = {isa = PBXFileReference; lastKnownFileType = file.storyboard; name = Base; path = ../../Shared/Base.lproj/LaunchScreen.storyboard; sourceTree = "<group>"; };
		51C24C732589614800236F25 /* logo.png */ = {isa = PBXFileReference; lastKnownFileType = image.png; name = logo.png; path = ../../Shared/logo.png; sourceTree = "<group>"; };
>>>>>>> 796b8dc266a8e55adfa02bf4f28524ab44a98a6f
/* End PBXFileReference section */

/* Begin PBXFrameworksBuildPhase section */
		5125CC962437F471006CA5D0 /* Frameworks */ = {
			isa = PBXFrameworksBuildPhase;
			buildActionMask = 2147483647;
			files = (
			);
			runOnlyForDeploymentPostprocessing = 0;
		};
		517C606C24C90470004A3AD2 /* Frameworks */ = {
			isa = PBXFrameworksBuildPhase;
			buildActionMask = 2147483647;
			files = (
			);
			runOnlyForDeploymentPostprocessing = 0;
		};
/* End PBXFrameworksBuildPhase section */

/* Begin PBXGroup section */
		06211DE6118DB67F2425BF9B /* Pods */ = {
			isa = PBXGroup;
			children = (
			);
			path = Pods;
			sourceTree = "<group>";
		};
		5125CC902437F471006CA5D0 = {
			isa = PBXGroup;
			children = (
				5125CC9B2437F471006CA5D0 /* Sample */,
				517C607024C90470004A3AD2 /* NotificationService */,
				5125CC9A2437F471006CA5D0 /* Products */,
				06211DE6118DB67F2425BF9B /* Pods */,
			);
			sourceTree = "<group>";
		};
		5125CC9A2437F471006CA5D0 /* Products */ = {
			isa = PBXGroup;
			children = (
				5125CC992437F471006CA5D0 /* Sample.app */,
				517C606F24C90470004A3AD2 /* NotificationService.appex */,
			);
			name = Products;
			sourceTree = "<group>";
		};
		5125CC9B2437F471006CA5D0 /* Sample */ = {
			isa = PBXGroup;
			children = (
<<<<<<< HEAD
				517C607D24CA4444004A3AD2 /* GoogleService-Info.plist */,
=======
				51C24C732589614800236F25 /* logo.png */,
				51C24C5025894EDB00236F25 /* LaunchScreen.storyboard */,
				51A1F3DE2588406A0025932B /* AppDelegate.swift */,
				51A1F3E02588406A0025932B /* ContentView.swift */,
				51A1F3DF2588406A0025932B /* GoogleService-Info.plist */,
				51A1F3D52588405A0025932B /* Identity.swift */,
				51A1F3D82588405A0025932B /* SceneDelegate.swift */,
				51A1F3D72588405A0025932B /* TopicView.swift */,
				51A1F3D62588405A0025932B /* UserSettings.swift */,
>>>>>>> 796b8dc266a8e55adfa02bf4f28524ab44a98a6f
				5125CCB32437F9A9006CA5D0 /* Sample.entitlements */,
				5125CCAD2437F472006CA5D0 /* Info.plist */,
				5125CCA02437F471006CA5D0 /* Sample.xcdatamodeld */,
				51944B6D258B12E300297021 /* Assets.xcassets */,
				5125CCA72437F472006CA5D0 /* Preview Content */,
			);
			path = Sample;
			sourceTree = "<group>";
		};
		5125CCA72437F472006CA5D0 /* Preview Content */ = {
			isa = PBXGroup;
			children = (
				5125CCA82437F472006CA5D0 /* Preview Assets.xcassets */,
			);
			path = "Preview Content";
			sourceTree = "<group>";
		};
		517C607024C90470004A3AD2 /* NotificationService */ = {
			isa = PBXGroup;
			children = (
				517C607124C90470004A3AD2 /* NotificationService.swift */,
				517C607324C90470004A3AD2 /* Info.plist */,
			);
			path = NotificationService;
			sourceTree = "<group>";
		};
/* End PBXGroup section */

/* Begin PBXNativeTarget section */
		5125CC982437F471006CA5D0 /* Sample */ = {
			isa = PBXNativeTarget;
			buildConfigurationList = 5125CCB02437F472006CA5D0 /* Build configuration list for PBXNativeTarget "Sample" */;
			buildPhases = (
				5125CC952437F471006CA5D0 /* Sources */,
				5125CC962437F471006CA5D0 /* Frameworks */,
				5125CC972437F471006CA5D0 /* Resources */,
				517C607724C90470004A3AD2 /* Embed App Extensions */,
			);
			buildRules = (
			);
			dependencies = (
				517C607524C90470004A3AD2 /* PBXTargetDependency */,
			);
			name = Sample;
			productName = Sample;
			productReference = 5125CC992437F471006CA5D0 /* Sample.app */;
			productType = "com.apple.product-type.application";
		};
		517C606E24C90470004A3AD2 /* NotificationService */ = {
			isa = PBXNativeTarget;
			buildConfigurationList = 517C607A24C90470004A3AD2 /* Build configuration list for PBXNativeTarget "NotificationService" */;
			buildPhases = (
				517C606B24C90470004A3AD2 /* Sources */,
				517C606C24C90470004A3AD2 /* Frameworks */,
				517C606D24C90470004A3AD2 /* Resources */,
			);
			buildRules = (
			);
			dependencies = (
			);
			name = NotificationService;
			productName = NotificationService;
			productReference = 517C606F24C90470004A3AD2 /* NotificationService.appex */;
			productType = "com.apple.product-type.app-extension";
		};
/* End PBXNativeTarget section */

/* Begin PBXProject section */
		5125CC912437F471006CA5D0 /* Project object */ = {
			isa = PBXProject;
			attributes = {
				LastSwiftUpdateCheck = 1120;
				LastUpgradeCheck = 1120;
				ORGANIZATIONNAME = "Google, Inc";
				TargetAttributes = {
					5125CC982437F471006CA5D0 = {
						CreatedOnToolsVersion = 11.2.1;
						LastSwiftMigration = 1220;
					};
					517C606E24C90470004A3AD2 = {
						CreatedOnToolsVersion = 11.2.1;
					};
				};
			};
			buildConfigurationList = 5125CC942437F471006CA5D0 /* Build configuration list for PBXProject "Sample" */;
			compatibilityVersion = "Xcode 9.3";
			developmentRegion = en;
			hasScannedForEncodings = 0;
			knownRegions = (
				en,
				Base,
			);
			mainGroup = 5125CC902437F471006CA5D0;
			productRefGroup = 5125CC9A2437F471006CA5D0 /* Products */;
			projectDirPath = "";
			projectRoot = "";
			targets = (
				5125CC982437F471006CA5D0 /* Sample */,
				517C606E24C90470004A3AD2 /* NotificationService */,
			);
		};
/* End PBXProject section */

/* Begin PBXResourcesBuildPhase section */
		5125CC972437F471006CA5D0 /* Resources */ = {
			isa = PBXResourcesBuildPhase;
			buildActionMask = 2147483647;
			files = (
<<<<<<< HEAD
				51C545122458E9A60093D292 /* logo.png in Resources */,
				5125CCAC2437F472006CA5D0 /* LaunchScreen.storyboard in Resources */,
				5125CCA92437F472006CA5D0 /* Preview Assets.xcassets in Resources */,
				517C607E24CA4444004A3AD2 /* GoogleService-Info.plist in Resources */,
				5125CCA62437F472006CA5D0 /* Assets.xcassets in Resources */,
=======
				51A1F3E22588406A0025932B /* GoogleService-Info.plist in Resources */,
				51C24C742589614800236F25 /* logo.png in Resources */,
				5125CCA92437F472006CA5D0 /* Preview Assets.xcassets in Resources */,
				51C24C5225894EDB00236F25 /* LaunchScreen.storyboard in Resources */,
				51944B6E258B12E300297021 /* Assets.xcassets in Resources */,
>>>>>>> 796b8dc266a8e55adfa02bf4f28524ab44a98a6f
			);
			runOnlyForDeploymentPostprocessing = 0;
		};
		517C606D24C90470004A3AD2 /* Resources */ = {
			isa = PBXResourcesBuildPhase;
			buildActionMask = 2147483647;
			files = (
			);
			runOnlyForDeploymentPostprocessing = 0;
		};
/* End PBXResourcesBuildPhase section */

/* Begin PBXSourcesBuildPhase section */
		5125CC952437F471006CA5D0 /* Sources */ = {
			isa = PBXSourcesBuildPhase;
			buildActionMask = 2147483647;
			files = (
				51A1F3E12588406A0025932B /* AppDelegate.swift in Sources */,
				51A1F3DC2588405A0025932B /* SceneDelegate.swift in Sources */,
				51A1F3E32588406A0025932B /* ContentView.swift in Sources */,
				51A1F3DB2588405A0025932B /* TopicView.swift in Sources */,
				5125CCA22437F471006CA5D0 /* Sample.xcdatamodeld in Sources */,
				51A1F3DA2588405A0025932B /* UserSettings.swift in Sources */,
				51A1F3D92588405A0025932B /* Identity.swift in Sources */,
			);
			runOnlyForDeploymentPostprocessing = 0;
		};
		517C606B24C90470004A3AD2 /* Sources */ = {
			isa = PBXSourcesBuildPhase;
			buildActionMask = 2147483647;
			files = (
				517C607224C90470004A3AD2 /* NotificationService.swift in Sources */,
			);
			runOnlyForDeploymentPostprocessing = 0;
		};
/* End PBXSourcesBuildPhase section */

/* Begin PBXTargetDependency section */
		517C607524C90470004A3AD2 /* PBXTargetDependency */ = {
			isa = PBXTargetDependency;
			target = 517C606E24C90470004A3AD2 /* NotificationService */;
			targetProxy = 517C607424C90470004A3AD2 /* PBXContainerItemProxy */;
		};
/* End PBXTargetDependency section */

/* Begin PBXVariantGroup section */
		51C24C5025894EDB00236F25 /* LaunchScreen.storyboard */ = {
			isa = PBXVariantGroup;
			children = (
				51C24C5125894EDB00236F25 /* Base */,
			);
			name = LaunchScreen.storyboard;
			sourceTree = "<group>";
		};
/* End PBXVariantGroup section */

/* Begin XCBuildConfiguration section */
		5125CCAE2437F472006CA5D0 /* Debug */ = {
			isa = XCBuildConfiguration;
			buildSettings = {
				ALWAYS_SEARCH_USER_PATHS = NO;
				CLANG_ANALYZER_NONNULL = YES;
				CLANG_ANALYZER_NUMBER_OBJECT_CONVERSION = YES_AGGRESSIVE;
				CLANG_CXX_LANGUAGE_STANDARD = "gnu++14";
				CLANG_CXX_LIBRARY = "libc++";
				CLANG_ENABLE_MODULES = YES;
				CLANG_ENABLE_OBJC_ARC = YES;
				CLANG_ENABLE_OBJC_WEAK = YES;
				CLANG_WARN_BLOCK_CAPTURE_AUTORELEASING = YES;
				CLANG_WARN_BOOL_CONVERSION = YES;
				CLANG_WARN_COMMA = YES;
				CLANG_WARN_CONSTANT_CONVERSION = YES;
				CLANG_WARN_DEPRECATED_OBJC_IMPLEMENTATIONS = YES;
				CLANG_WARN_DIRECT_OBJC_ISA_USAGE = YES_ERROR;
				CLANG_WARN_DOCUMENTATION_COMMENTS = YES;
				CLANG_WARN_EMPTY_BODY = YES;
				CLANG_WARN_ENUM_CONVERSION = YES;
				CLANG_WARN_INFINITE_RECURSION = YES;
				CLANG_WARN_INT_CONVERSION = YES;
				CLANG_WARN_NON_LITERAL_NULL_CONVERSION = YES;
				CLANG_WARN_OBJC_IMPLICIT_RETAIN_SELF = YES;
				CLANG_WARN_OBJC_LITERAL_CONVERSION = YES;
				CLANG_WARN_OBJC_ROOT_CLASS = YES_ERROR;
				CLANG_WARN_RANGE_LOOP_ANALYSIS = YES;
				CLANG_WARN_STRICT_PROTOTYPES = YES;
				CLANG_WARN_SUSPICIOUS_MOVE = YES;
				CLANG_WARN_UNGUARDED_AVAILABILITY = YES_AGGRESSIVE;
				CLANG_WARN_UNREACHABLE_CODE = YES;
				CLANG_WARN__DUPLICATE_METHOD_MATCH = YES;
				COPY_PHASE_STRIP = NO;
				DEBUG_INFORMATION_FORMAT = dwarf;
				ENABLE_STRICT_OBJC_MSGSEND = YES;
				ENABLE_TESTABILITY = YES;
				GCC_C_LANGUAGE_STANDARD = gnu11;
				GCC_DYNAMIC_NO_PIC = NO;
				GCC_NO_COMMON_BLOCKS = YES;
				GCC_OPTIMIZATION_LEVEL = 0;
				GCC_PREPROCESSOR_DEFINITIONS = (
					"DEBUG=1",
					"$(inherited)",
				);
				GCC_WARN_64_TO_32_BIT_CONVERSION = YES;
				GCC_WARN_ABOUT_RETURN_TYPE = YES_ERROR;
				GCC_WARN_UNDECLARED_SELECTOR = YES;
				GCC_WARN_UNINITIALIZED_AUTOS = YES_AGGRESSIVE;
				GCC_WARN_UNUSED_FUNCTION = YES;
				GCC_WARN_UNUSED_VARIABLE = YES;
				IPHONEOS_DEPLOYMENT_TARGET = 13.2;
				MTL_ENABLE_DEBUG_INFO = INCLUDE_SOURCE;
				MTL_FAST_MATH = YES;
				ONLY_ACTIVE_ARCH = YES;
				SDKROOT = iphoneos;
				SWIFT_ACTIVE_COMPILATION_CONDITIONS = DEBUG;
				SWIFT_OPTIMIZATION_LEVEL = "-Onone";
			};
			name = Debug;
		};
		5125CCAF2437F472006CA5D0 /* Release */ = {
			isa = XCBuildConfiguration;
			buildSettings = {
				ALWAYS_SEARCH_USER_PATHS = NO;
				CLANG_ANALYZER_NONNULL = YES;
				CLANG_ANALYZER_NUMBER_OBJECT_CONVERSION = YES_AGGRESSIVE;
				CLANG_CXX_LANGUAGE_STANDARD = "gnu++14";
				CLANG_CXX_LIBRARY = "libc++";
				CLANG_ENABLE_MODULES = YES;
				CLANG_ENABLE_OBJC_ARC = YES;
				CLANG_ENABLE_OBJC_WEAK = YES;
				CLANG_WARN_BLOCK_CAPTURE_AUTORELEASING = YES;
				CLANG_WARN_BOOL_CONVERSION = YES;
				CLANG_WARN_COMMA = YES;
				CLANG_WARN_CONSTANT_CONVERSION = YES;
				CLANG_WARN_DEPRECATED_OBJC_IMPLEMENTATIONS = YES;
				CLANG_WARN_DIRECT_OBJC_ISA_USAGE = YES_ERROR;
				CLANG_WARN_DOCUMENTATION_COMMENTS = YES;
				CLANG_WARN_EMPTY_BODY = YES;
				CLANG_WARN_ENUM_CONVERSION = YES;
				CLANG_WARN_INFINITE_RECURSION = YES;
				CLANG_WARN_INT_CONVERSION = YES;
				CLANG_WARN_NON_LITERAL_NULL_CONVERSION = YES;
				CLANG_WARN_OBJC_IMPLICIT_RETAIN_SELF = YES;
				CLANG_WARN_OBJC_LITERAL_CONVERSION = YES;
				CLANG_WARN_OBJC_ROOT_CLASS = YES_ERROR;
				CLANG_WARN_RANGE_LOOP_ANALYSIS = YES;
				CLANG_WARN_STRICT_PROTOTYPES = YES;
				CLANG_WARN_SUSPICIOUS_MOVE = YES;
				CLANG_WARN_UNGUARDED_AVAILABILITY = YES_AGGRESSIVE;
				CLANG_WARN_UNREACHABLE_CODE = YES;
				CLANG_WARN__DUPLICATE_METHOD_MATCH = YES;
				COPY_PHASE_STRIP = NO;
				DEBUG_INFORMATION_FORMAT = "dwarf-with-dsym";
				ENABLE_NS_ASSERTIONS = NO;
				ENABLE_STRICT_OBJC_MSGSEND = YES;
				GCC_C_LANGUAGE_STANDARD = gnu11;
				GCC_NO_COMMON_BLOCKS = YES;
				GCC_WARN_64_TO_32_BIT_CONVERSION = YES;
				GCC_WARN_ABOUT_RETURN_TYPE = YES_ERROR;
				GCC_WARN_UNDECLARED_SELECTOR = YES;
				GCC_WARN_UNINITIALIZED_AUTOS = YES_AGGRESSIVE;
				GCC_WARN_UNUSED_FUNCTION = YES;
				GCC_WARN_UNUSED_VARIABLE = YES;
				IPHONEOS_DEPLOYMENT_TARGET = 13.2;
				MTL_ENABLE_DEBUG_INFO = NO;
				MTL_FAST_MATH = YES;
				SDKROOT = iphoneos;
				SWIFT_COMPILATION_MODE = wholemodule;
				SWIFT_OPTIMIZATION_LEVEL = "-O";
				VALIDATE_PRODUCT = YES;
			};
			name = Release;
		};
		5125CCB12437F472006CA5D0 /* Debug */ = {
			isa = XCBuildConfiguration;
			buildSettings = {
				ALWAYS_EMBED_SWIFT_STANDARD_LIBRARIES = YES;
				ASSETCATALOG_COMPILER_APPICON_NAME = AppIcon;
				CLANG_ENABLE_MODULES = YES;
				CODE_SIGN_ENTITLEMENTS = Sample/Sample.entitlements;
				CODE_SIGN_IDENTITY = "iPhone Developer";
				CODE_SIGN_STYLE = Manual;
				DEVELOPMENT_ASSET_PATHS = "\"Sample/Preview Content\"";
				DEVELOPMENT_TEAM = EQHXZ8M8AV;
				ENABLE_PREVIEWS = YES;
				INFOPLIST_FILE = Sample/Info.plist;
				LD_RUNPATH_SEARCH_PATHS = (
					"$(inherited)",
					"@executable_path/Frameworks",
				);
				PRODUCT_BUNDLE_IDENTIFIER = com.google.firebase.extensions.dev;
				PRODUCT_NAME = "$(TARGET_NAME)";
				PROVISIONING_PROFILE_SPECIFIER = "Firebase iOS App Extensions Dev";
				SWIFT_OPTIMIZATION_LEVEL = "-Onone";
				SWIFT_VERSION = 5.0;
				TARGETED_DEVICE_FAMILY = "1,2";
			};
			name = Debug;
		};
		5125CCB22437F472006CA5D0 /* Release */ = {
			isa = XCBuildConfiguration;
			buildSettings = {
				ALWAYS_EMBED_SWIFT_STANDARD_LIBRARIES = YES;
				ASSETCATALOG_COMPILER_APPICON_NAME = AppIcon;
				CLANG_ENABLE_MODULES = YES;
				CODE_SIGN_ENTITLEMENTS = Sample/Sample.entitlements;
				CODE_SIGN_IDENTITY = "iPhone Developer";
				CODE_SIGN_STYLE = Manual;
				DEVELOPMENT_ASSET_PATHS = "\"Sample/Preview Content\"";
				DEVELOPMENT_TEAM = EQHXZ8M8AV;
				ENABLE_PREVIEWS = YES;
				INFOPLIST_FILE = Sample/Info.plist;
				LD_RUNPATH_SEARCH_PATHS = (
					"$(inherited)",
					"@executable_path/Frameworks",
				);
				PRODUCT_BUNDLE_IDENTIFIER = com.google.firebase.extensions.dev;
				PRODUCT_NAME = "$(TARGET_NAME)";
				PROVISIONING_PROFILE_SPECIFIER = "Firebase iOS App Extensions Dev";
				SWIFT_VERSION = 5.0;
				TARGETED_DEVICE_FAMILY = "1,2";
			};
			name = Release;
		};
		517C607824C90470004A3AD2 /* Debug */ = {
			isa = XCBuildConfiguration;
			buildSettings = {
				CODE_SIGN_IDENTITY = "iPhone Developer";
				CODE_SIGN_STYLE = Manual;
				DEVELOPMENT_TEAM = EQHXZ8M8AV;
				INFOPLIST_FILE = NotificationService/Info.plist;
				LD_RUNPATH_SEARCH_PATHS = (
					"$(inherited)",
					"@executable_path/Frameworks",
					"@executable_path/../../Frameworks",
				);
				PRODUCT_BUNDLE_IDENTIFIER = com.google.firebase.extensions.dev.NotificationServiceExtension;
				PRODUCT_NAME = "$(TARGET_NAME)";
				PROVISIONING_PROFILE_SPECIFIER = "Firebase iOS App Extensions Notification Service Extension Dev";
				SKIP_INSTALL = YES;
				SWIFT_VERSION = 5.0;
				TARGETED_DEVICE_FAMILY = "1,2";
			};
			name = Debug;
		};
		517C607924C90470004A3AD2 /* Release */ = {
			isa = XCBuildConfiguration;
			buildSettings = {
				CODE_SIGN_IDENTITY = "iPhone Developer";
				CODE_SIGN_STYLE = Automatic;
				DEVELOPMENT_TEAM = EQHXZ8M8AV;
				INFOPLIST_FILE = NotificationService/Info.plist;
				LD_RUNPATH_SEARCH_PATHS = (
					"$(inherited)",
					"@executable_path/Frameworks",
					"@executable_path/../../Frameworks",
				);
				PRODUCT_BUNDLE_IDENTIFIER = com.google.firebase.extensions.dev.NotificationService;
				PRODUCT_NAME = "$(TARGET_NAME)";
				SKIP_INSTALL = YES;
				SWIFT_VERSION = 5.0;
				TARGETED_DEVICE_FAMILY = "1,2";
			};
			name = Release;
		};
/* End XCBuildConfiguration section */

/* Begin XCConfigurationList section */
		5125CC942437F471006CA5D0 /* Build configuration list for PBXProject "Sample" */ = {
			isa = XCConfigurationList;
			buildConfigurations = (
				5125CCAE2437F472006CA5D0 /* Debug */,
				5125CCAF2437F472006CA5D0 /* Release */,
			);
			defaultConfigurationIsVisible = 0;
			defaultConfigurationName = Release;
		};
		5125CCB02437F472006CA5D0 /* Build configuration list for PBXNativeTarget "Sample" */ = {
			isa = XCConfigurationList;
			buildConfigurations = (
				5125CCB12437F472006CA5D0 /* Debug */,
				5125CCB22437F472006CA5D0 /* Release */,
			);
			defaultConfigurationIsVisible = 0;
			defaultConfigurationName = Release;
		};
		517C607A24C90470004A3AD2 /* Build configuration list for PBXNativeTarget "NotificationService" */ = {
			isa = XCConfigurationList;
			buildConfigurations = (
				517C607824C90470004A3AD2 /* Debug */,
				517C607924C90470004A3AD2 /* Release */,
			);
			defaultConfigurationIsVisible = 0;
			defaultConfigurationName = Release;
		};
/* End XCConfigurationList section */

/* Begin XCVersionGroup section */
		5125CCA02437F471006CA5D0 /* Sample.xcdatamodeld */ = {
			isa = XCVersionGroup;
			children = (
				5125CCA12437F471006CA5D0 /* Sample.xcdatamodel */,
			);
			currentVersion = 5125CCA12437F471006CA5D0 /* Sample.xcdatamodel */;
			path = Sample.xcdatamodeld;
			sourceTree = "<group>";
			versionGroupType = wrapper.xcdatamodel;
		};
/* End XCVersionGroup section */
	};
	rootObject = 5125CC912437F471006CA5D0 /* Project object */;
}
