// !$*UTF8*$!
{
	archiveVersion = 1;
	classes = {
	};
	objectVersion = 52;
	objects = {

/* Begin PBXBuildFile section */
		5B41DB1823E3A71C00929EC5 /* AppDelegate.m in Sources */ = {isa = PBXBuildFile; fileRef = 5B41DB1723E3A71C00929EC5 /* AppDelegate.m */; };
		5B41DB1B23E3A71C00929EC5 /* SceneDelegate.m in Sources */ = {isa = PBXBuildFile; fileRef = 5B41DB1A23E3A71C00929EC5 /* SceneDelegate.m */; };
		5B41DB1E23E3A71C00929EC5 /* ViewController.m in Sources */ = {isa = PBXBuildFile; fileRef = 5B41DB1D23E3A71C00929EC5 /* ViewController.m */; };
		5B41DB2123E3A71C00929EC5 /* Main.storyboard in Resources */ = {isa = PBXBuildFile; fileRef = 5B41DB1F23E3A71C00929EC5 /* Main.storyboard */; };
		5B41DB2323E3A71E00929EC5 /* Assets.xcassets in Resources */ = {isa = PBXBuildFile; fileRef = 5B41DB2223E3A71E00929EC5 /* Assets.xcassets */; };
		5B41DB2623E3A71E00929EC5 /* LaunchScreen.storyboard in Resources */ = {isa = PBXBuildFile; fileRef = 5B41DB2423E3A71E00929EC5 /* LaunchScreen.storyboard */; };
		5B41DB2923E3A71E00929EC5 /* main.m in Sources */ = {isa = PBXBuildFile; fileRef = 5B41DB2823E3A71E00929EC5 /* main.m */; };
		5B41DB3323E3A7FA00929EC5 /* LinkTableViewCell.m in Sources */ = {isa = PBXBuildFile; fileRef = 5B41DB2F23E3A7F900929EC5 /* LinkTableViewCell.m */; };
		5B41DB3423E3A7FA00929EC5 /* ParamTableViewCell.m in Sources */ = {isa = PBXBuildFile; fileRef = 5B41DB3123E3A7F900929EC5 /* ParamTableViewCell.m */; };
		B9866D6824A6766600433F25 /* GoogleService-Info.plist in Resources */ = {isa = PBXBuildFile; fileRef = B9866D6724A6766600433F25 /* GoogleService-Info.plist */; };
		B9866DA524A680DF00433F25 /* FirebaseCoreDiagnostics.xcframework in Frameworks */ = {isa = PBXBuildFile; fileRef = B9866D9A24A680DE00433F25 /* FirebaseCoreDiagnostics.xcframework */; };
		B9866DA624A680DF00433F25 /* nanopb.xcframework in Frameworks */ = {isa = PBXBuildFile; fileRef = B9866D9B24A680DE00433F25 /* nanopb.xcframework */; };
		B9866DA724A680DF00433F25 /* FirebaseInstallations.xcframework in Frameworks */ = {isa = PBXBuildFile; fileRef = B9866D9C24A680DE00433F25 /* FirebaseInstallations.xcframework */; };
		B9866DA824A680DF00433F25 /* FirebaseCore.xcframework in Frameworks */ = {isa = PBXBuildFile; fileRef = B9866D9D24A680DF00433F25 /* FirebaseCore.xcframework */; };
		B9866DA924A680DF00433F25 /* FIRAnalyticsConnector.framework in Frameworks */ = {isa = PBXBuildFile; fileRef = B9866D9E24A680DF00433F25 /* FIRAnalyticsConnector.framework */; };
		B9866DAA24A680DF00433F25 /* GoogleAppMeasurement.framework in Frameworks */ = {isa = PBXBuildFile; fileRef = B9866D9F24A680DF00433F25 /* GoogleAppMeasurement.framework */; };
		B9866DAB24A680DF00433F25 /* GoogleDataTransport.xcframework in Frameworks */ = {isa = PBXBuildFile; fileRef = B9866DA024A680DF00433F25 /* GoogleDataTransport.xcframework */; };
		B9866DAC24A680DF00433F25 /* GoogleDataTransportCCTSupport.xcframework in Frameworks */ = {isa = PBXBuildFile; fileRef = B9866DA124A680DF00433F25 /* GoogleDataTransportCCTSupport.xcframework */; };
		B9866DAD24A680DF00433F25 /* PromisesObjC.xcframework in Frameworks */ = {isa = PBXBuildFile; fileRef = B9866DA224A680DF00433F25 /* PromisesObjC.xcframework */; };
		B9866DAE24A680DF00433F25 /* GoogleUtilities.xcframework in Frameworks */ = {isa = PBXBuildFile; fileRef = B9866DA324A680DF00433F25 /* GoogleUtilities.xcframework */; };
		B9866DAF24A680DF00433F25 /* FirebaseAnalytics.framework in Frameworks */ = {isa = PBXBuildFile; fileRef = B9866DA424A680DF00433F25 /* FirebaseAnalytics.framework */; };
/* End PBXBuildFile section */

/* Begin PBXFileReference section */
		5B3E9BB723E3ADDC00FF3A1E /* FDLBuilderTestAppObjC.entitlements */ = {isa = PBXFileReference; lastKnownFileType = text.plist.entitlements; path = FDLBuilderTestAppObjC.entitlements; sourceTree = "<group>"; };
		5B41DB1323E3A71C00929EC5 /* FDLBuilderTestAppObjC.app */ = {isa = PBXFileReference; explicitFileType = wrapper.application; includeInIndex = 0; path = FDLBuilderTestAppObjC.app; sourceTree = BUILT_PRODUCTS_DIR; };
		5B41DB1623E3A71C00929EC5 /* AppDelegate.h */ = {isa = PBXFileReference; lastKnownFileType = sourcecode.c.h; path = AppDelegate.h; sourceTree = "<group>"; };
		5B41DB1723E3A71C00929EC5 /* AppDelegate.m */ = {isa = PBXFileReference; lastKnownFileType = sourcecode.c.objc; path = AppDelegate.m; sourceTree = "<group>"; };
		5B41DB1923E3A71C00929EC5 /* SceneDelegate.h */ = {isa = PBXFileReference; lastKnownFileType = sourcecode.c.h; path = SceneDelegate.h; sourceTree = "<group>"; };
		5B41DB1A23E3A71C00929EC5 /* SceneDelegate.m */ = {isa = PBXFileReference; lastKnownFileType = sourcecode.c.objc; path = SceneDelegate.m; sourceTree = "<group>"; };
		5B41DB1C23E3A71C00929EC5 /* ViewController.h */ = {isa = PBXFileReference; lastKnownFileType = sourcecode.c.h; path = ViewController.h; sourceTree = "<group>"; };
		5B41DB1D23E3A71C00929EC5 /* ViewController.m */ = {isa = PBXFileReference; lastKnownFileType = sourcecode.c.objc; path = ViewController.m; sourceTree = "<group>"; };
		5B41DB2023E3A71C00929EC5 /* Base */ = {isa = PBXFileReference; lastKnownFileType = file.storyboard; name = Base; path = Base.lproj/Main.storyboard; sourceTree = "<group>"; };
		5B41DB2223E3A71E00929EC5 /* Assets.xcassets */ = {isa = PBXFileReference; lastKnownFileType = folder.assetcatalog; path = Assets.xcassets; sourceTree = "<group>"; };
		5B41DB2523E3A71E00929EC5 /* Base */ = {isa = PBXFileReference; lastKnownFileType = file.storyboard; name = Base; path = Base.lproj/LaunchScreen.storyboard; sourceTree = "<group>"; };
		5B41DB2723E3A71E00929EC5 /* Info.plist */ = {isa = PBXFileReference; lastKnownFileType = text.plist.xml; path = Info.plist; sourceTree = "<group>"; };
		5B41DB2823E3A71E00929EC5 /* main.m */ = {isa = PBXFileReference; lastKnownFileType = sourcecode.c.objc; path = main.m; sourceTree = "<group>"; };
		5B41DB2F23E3A7F900929EC5 /* LinkTableViewCell.m */ = {isa = PBXFileReference; fileEncoding = 4; lastKnownFileType = sourcecode.c.objc; path = LinkTableViewCell.m; sourceTree = "<group>"; };
		5B41DB3023E3A7F900929EC5 /* LinkTableViewCell.h */ = {isa = PBXFileReference; fileEncoding = 4; lastKnownFileType = sourcecode.c.h; path = LinkTableViewCell.h; sourceTree = "<group>"; };
		5B41DB3123E3A7F900929EC5 /* ParamTableViewCell.m */ = {isa = PBXFileReference; fileEncoding = 4; lastKnownFileType = sourcecode.c.objc; path = ParamTableViewCell.m; sourceTree = "<group>"; };
		5B41DB3223E3A7FA00929EC5 /* ParamTableViewCell.h */ = {isa = PBXFileReference; fileEncoding = 4; lastKnownFileType = sourcecode.c.h; path = ParamTableViewCell.h; sourceTree = "<group>"; };
		B9866D6724A6766600433F25 /* GoogleService-Info.plist */ = {isa = PBXFileReference; fileEncoding = 4; lastKnownFileType = text.plist.xml; path = "GoogleService-Info.plist"; sourceTree = "<group>"; };
		B9866D6F24A677D600433F25 /* Firebase.h */ = {isa = PBXFileReference; fileEncoding = 4; lastKnownFileType = sourcecode.c.h; path = Firebase.h; sourceTree = "<group>"; };
		B9866D7624A677D600433F25 /* module.modulemap */ = {isa = PBXFileReference; fileEncoding = 4; lastKnownFileType = "sourcecode.module-map"; path = module.modulemap; sourceTree = "<group>"; };
		B9866D9A24A680DE00433F25 /* FirebaseCoreDiagnostics.xcframework */ = {isa = PBXFileReference; lastKnownFileType = wrapper.xcframework; name = FirebaseCoreDiagnostics.xcframework; path = ../../../../ZipBuilder/tmp3/staging/FirebaseCoreDiagnostics.xcframework; sourceTree = "<group>"; };
		B9866D9B24A680DE00433F25 /* nanopb.xcframework */ = {isa = PBXFileReference; lastKnownFileType = wrapper.xcframework; name = nanopb.xcframework; path = ../../../../ZipBuilder/tmp3/staging/nanopb.xcframework; sourceTree = "<group>"; };
		B9866D9C24A680DE00433F25 /* FirebaseInstallations.xcframework */ = {isa = PBXFileReference; lastKnownFileType = wrapper.xcframework; name = FirebaseInstallations.xcframework; path = ../../../../ZipBuilder/tmp3/staging/FirebaseInstallations.xcframework; sourceTree = "<group>"; };
		B9866D9D24A680DF00433F25 /* FirebaseCore.xcframework */ = {isa = PBXFileReference; lastKnownFileType = wrapper.xcframework; name = FirebaseCore.xcframework; path = ../../../../ZipBuilder/tmp3/staging/FirebaseCore.xcframework; sourceTree = "<group>"; };
		B9866D9E24A680DF00433F25 /* FIRAnalyticsConnector.framework */ = {isa = PBXFileReference; lastKnownFileType = wrapper.framework; name = FIRAnalyticsConnector.framework; path = ../../../../ZipBuilder/tmp3/staging/FIRAnalyticsConnector.framework; sourceTree = "<group>"; };
		B9866D9F24A680DF00433F25 /* GoogleAppMeasurement.framework */ = {isa = PBXFileReference; lastKnownFileType = wrapper.framework; name = GoogleAppMeasurement.framework; path = ../../../../ZipBuilder/tmp3/staging/GoogleAppMeasurement.framework; sourceTree = "<group>"; };
		B9866DA024A680DF00433F25 /* GoogleDataTransport.xcframework */ = {isa = PBXFileReference; lastKnownFileType = wrapper.xcframework; name = GoogleDataTransport.xcframework; path = ../../../../ZipBuilder/tmp3/staging/GoogleDataTransport.xcframework; sourceTree = "<group>"; };
		B9866DA124A680DF00433F25 /* GoogleDataTransportCCTSupport.xcframework */ = {isa = PBXFileReference; lastKnownFileType = wrapper.xcframework; name = GoogleDataTransportCCTSupport.xcframework; path = ../../../../ZipBuilder/tmp3/staging/GoogleDataTransportCCTSupport.xcframework; sourceTree = "<group>"; };
		B9866DA224A680DF00433F25 /* PromisesObjC.xcframework */ = {isa = PBXFileReference; lastKnownFileType = wrapper.xcframework; name = PromisesObjC.xcframework; path = ../../../../ZipBuilder/tmp3/staging/PromisesObjC.xcframework; sourceTree = "<group>"; };
		B9866DA324A680DF00433F25 /* GoogleUtilities.xcframework */ = {isa = PBXFileReference; lastKnownFileType = wrapper.xcframework; name = GoogleUtilities.xcframework; path = ../../../../ZipBuilder/tmp3/staging/GoogleUtilities.xcframework; sourceTree = "<group>"; };
		B9866DA424A680DF00433F25 /* FirebaseAnalytics.framework */ = {isa = PBXFileReference; lastKnownFileType = wrapper.framework; name = FirebaseAnalytics.framework; path = ../../../../ZipBuilder/tmp3/staging/FirebaseAnalytics.framework; sourceTree = "<group>"; };
/* End PBXFileReference section */

/* Begin PBXFrameworksBuildPhase section */
		5B41DB1023E3A71C00929EC5 /* Frameworks */ = {
			isa = PBXFrameworksBuildPhase;
			buildActionMask = 2147483647;
			files = (
				B9866DAD24A680DF00433F25 /* PromisesObjC.xcframework in Frameworks */,
				B9866DA524A680DF00433F25 /* FirebaseCoreDiagnostics.xcframework in Frameworks */,
				B9866DA824A680DF00433F25 /* FirebaseCore.xcframework in Frameworks */,
				B9866DAA24A680DF00433F25 /* GoogleAppMeasurement.framework in Frameworks */,
				B9866DAC24A680DF00433F25 /* GoogleDataTransportCCTSupport.xcframework in Frameworks */,
				B9866DAE24A680DF00433F25 /* GoogleUtilities.xcframework in Frameworks */,
				B9866DA624A680DF00433F25 /* nanopb.xcframework in Frameworks */,
				B9866DAB24A680DF00433F25 /* GoogleDataTransport.xcframework in Frameworks */,
				B9866DAF24A680DF00433F25 /* FirebaseAnalytics.framework in Frameworks */,
				B9866DA924A680DF00433F25 /* FIRAnalyticsConnector.framework in Frameworks */,
				B9866DA724A680DF00433F25 /* FirebaseInstallations.xcframework in Frameworks */,
			);
			runOnlyForDeploymentPostprocessing = 0;
		};
/* End PBXFrameworksBuildPhase section */

/* Begin PBXGroup section */
		5B41DB0A23E3A71C00929EC5 = {
			isa = PBXGroup;
			children = (
				B9866D6724A6766600433F25 /* GoogleService-Info.plist */,
				5B41DB1523E3A71C00929EC5 /* FDLBuilderTestAppObjC */,
				B9866D6924A677D600433F25 /* Firebase */,
				5B41DB1423E3A71C00929EC5 /* Products */,
			);
			sourceTree = "<group>";
		};
		5B41DB1423E3A71C00929EC5 /* Products */ = {
			isa = PBXGroup;
			children = (
				5B41DB1323E3A71C00929EC5 /* FDLBuilderTestAppObjC.app */,
			);
			name = Products;
			sourceTree = "<group>";
		};
		5B41DB1523E3A71C00929EC5 /* FDLBuilderTestAppObjC */ = {
			isa = PBXGroup;
			children = (
				5B3E9BB723E3ADDC00FF3A1E /* FDLBuilderTestAppObjC.entitlements */,
				5B41DB3023E3A7F900929EC5 /* LinkTableViewCell.h */,
				5B41DB2F23E3A7F900929EC5 /* LinkTableViewCell.m */,
				5B41DB3223E3A7FA00929EC5 /* ParamTableViewCell.h */,
				5B41DB3123E3A7F900929EC5 /* ParamTableViewCell.m */,
				5B41DB1623E3A71C00929EC5 /* AppDelegate.h */,
				5B41DB1723E3A71C00929EC5 /* AppDelegate.m */,
				5B41DB1923E3A71C00929EC5 /* SceneDelegate.h */,
				5B41DB1A23E3A71C00929EC5 /* SceneDelegate.m */,
				5B41DB1C23E3A71C00929EC5 /* ViewController.h */,
				5B41DB1D23E3A71C00929EC5 /* ViewController.m */,
				5B41DB1F23E3A71C00929EC5 /* Main.storyboard */,
				5B41DB2223E3A71E00929EC5 /* Assets.xcassets */,
				5B41DB2423E3A71E00929EC5 /* LaunchScreen.storyboard */,
				5B41DB2723E3A71E00929EC5 /* Info.plist */,
				5B41DB2823E3A71E00929EC5 /* main.m */,
			);
			path = FDLBuilderTestAppObjC;
			sourceTree = "<group>";
		};
		B9866D6924A677D600433F25 /* Firebase */ = {
			isa = PBXGroup;
			children = (
				B9866D9E24A680DF00433F25 /* FIRAnalyticsConnector.framework */,
				B9866DA424A680DF00433F25 /* FirebaseAnalytics.framework */,
				B9866D9D24A680DF00433F25 /* FirebaseCore.xcframework */,
				B9866D9A24A680DE00433F25 /* FirebaseCoreDiagnostics.xcframework */,
				B9866D9C24A680DE00433F25 /* FirebaseInstallations.xcframework */,
				B9866D9F24A680DF00433F25 /* GoogleAppMeasurement.framework */,
				B9866DA024A680DF00433F25 /* GoogleDataTransport.xcframework */,
				B9866DA124A680DF00433F25 /* GoogleDataTransportCCTSupport.xcframework */,
				B9866DA324A680DF00433F25 /* GoogleUtilities.xcframework */,
				B9866D9B24A680DE00433F25 /* nanopb.xcframework */,
				B9866DA224A680DF00433F25 /* PromisesObjC.xcframework */,
				B9866D6F24A677D600433F25 /* Firebase.h */,
				B9866D7624A677D600433F25 /* module.modulemap */,
			);
			name = Firebase;
			path = ../../../../../../Downloads/quickstart_artifacts_dl/dynamiclinks/Firebase;
			sourceTree = "<group>";
		};
/* End PBXGroup section */

/* Begin PBXNativeTarget section */
		5B41DB1223E3A71C00929EC5 /* FDLBuilderTestAppObjC */ = {
			isa = PBXNativeTarget;
			buildConfigurationList = 5B41DB2C23E3A71E00929EC5 /* Build configuration list for PBXNativeTarget "FDLBuilderTestAppObjC" */;
			buildPhases = (
				5B41DB0F23E3A71C00929EC5 /* Sources */,
				5B41DB1023E3A71C00929EC5 /* Frameworks */,
				5B41DB1123E3A71C00929EC5 /* Resources */,
			);
			buildRules = (
			);
			dependencies = (
			);
			name = FDLBuilderTestAppObjC;
			productName = FDLBuilderTestAppObjC;
			productReference = 5B41DB1323E3A71C00929EC5 /* FDLBuilderTestAppObjC.app */;
			productType = "com.apple.product-type.application";
		};
/* End PBXNativeTarget section */

/* Begin PBXProject section */
		5B41DB0B23E3A71C00929EC5 /* Project object */ = {
			isa = PBXProject;
			attributes = {
				LastUpgradeCheck = 1130;
				ORGANIZATIONNAME = "Google Inc";
				TargetAttributes = {
					5B41DB1223E3A71C00929EC5 = {
						CreatedOnToolsVersion = 11.3.1;
						LastSwiftMigration = 1150;
					};
				};
			};
			buildConfigurationList = 5B41DB0E23E3A71C00929EC5 /* Build configuration list for PBXProject "FDLBuilderTestAppObjC" */;
			compatibilityVersion = "Xcode 9.3";
			developmentRegion = en;
			hasScannedForEncodings = 0;
			knownRegions = (
				en,
				Base,
			);
			mainGroup = 5B41DB0A23E3A71C00929EC5;
			productRefGroup = 5B41DB1423E3A71C00929EC5 /* Products */;
			projectDirPath = "";
			projectRoot = "";
			targets = (
				5B41DB1223E3A71C00929EC5 /* FDLBuilderTestAppObjC */,
			);
		};
/* End PBXProject section */

/* Begin PBXResourcesBuildPhase section */
		5B41DB1123E3A71C00929EC5 /* Resources */ = {
			isa = PBXResourcesBuildPhase;
			buildActionMask = 2147483647;
			files = (
				5B41DB2623E3A71E00929EC5 /* LaunchScreen.storyboard in Resources */,
				5B41DB2323E3A71E00929EC5 /* Assets.xcassets in Resources */,
				B9866D6824A6766600433F25 /* GoogleService-Info.plist in Resources */,
				5B41DB2123E3A71C00929EC5 /* Main.storyboard in Resources */,
			);
			runOnlyForDeploymentPostprocessing = 0;
		};
/* End PBXResourcesBuildPhase section */

/* Begin PBXSourcesBuildPhase section */
		5B41DB0F23E3A71C00929EC5 /* Sources */ = {
			isa = PBXSourcesBuildPhase;
			buildActionMask = 2147483647;
			files = (
				5B41DB1E23E3A71C00929EC5 /* ViewController.m in Sources */,
				5B41DB3423E3A7FA00929EC5 /* ParamTableViewCell.m in Sources */,
				5B41DB1823E3A71C00929EC5 /* AppDelegate.m in Sources */,
				5B41DB3323E3A7FA00929EC5 /* LinkTableViewCell.m in Sources */,
				5B41DB2923E3A71E00929EC5 /* main.m in Sources */,
				5B41DB1B23E3A71C00929EC5 /* SceneDelegate.m in Sources */,
			);
			runOnlyForDeploymentPostprocessing = 0;
		};
/* End PBXSourcesBuildPhase section */

/* Begin PBXVariantGroup section */
		5B41DB1F23E3A71C00929EC5 /* Main.storyboard */ = {
			isa = PBXVariantGroup;
			children = (
				5B41DB2023E3A71C00929EC5 /* Base */,
			);
			name = Main.storyboard;
			sourceTree = "<group>";
		};
		5B41DB2423E3A71E00929EC5 /* LaunchScreen.storyboard */ = {
			isa = PBXVariantGroup;
			children = (
				5B41DB2523E3A71E00929EC5 /* Base */,
			);
			name = LaunchScreen.storyboard;
			sourceTree = "<group>";
		};
/* End PBXVariantGroup section */

/* Begin XCBuildConfiguration section */
		5B41DB2A23E3A71E00929EC5 /* Debug */ = {
			isa = XCBuildConfiguration;
			buildSettings = {
				ALWAYS_SEARCH_USER_PATHS = NO;
				CLANG_ANALYZER_NONNULL = YES;
				CLANG_ANALYZER_NUMBER_OBJECT_CONVERSION = YES_AGGRESSIVE;
				CLANG_CXX_LANGUAGE_STANDARD = "gnu++14";
				CLANG_CXX_LIBRARY = "libc++";
				CLANG_ENABLE_MODULES = YES;
				CLANG_ENABLE_OBJC_ARC = YES;
				CLANG_ENABLE_OBJC_WEAK = YES;
				CLANG_WARN_BLOCK_CAPTURE_AUTORELEASING = YES;
				CLANG_WARN_BOOL_CONVERSION = YES;
				CLANG_WARN_COMMA = YES;
				CLANG_WARN_CONSTANT_CONVERSION = YES;
				CLANG_WARN_DEPRECATED_OBJC_IMPLEMENTATIONS = YES;
				CLANG_WARN_DIRECT_OBJC_ISA_USAGE = YES_ERROR;
				CLANG_WARN_DOCUMENTATION_COMMENTS = YES;
				CLANG_WARN_EMPTY_BODY = YES;
				CLANG_WARN_ENUM_CONVERSION = YES;
				CLANG_WARN_INFINITE_RECURSION = YES;
				CLANG_WARN_INT_CONVERSION = YES;
				CLANG_WARN_NON_LITERAL_NULL_CONVERSION = YES;
				CLANG_WARN_OBJC_IMPLICIT_RETAIN_SELF = YES;
				CLANG_WARN_OBJC_LITERAL_CONVERSION = YES;
				CLANG_WARN_OBJC_ROOT_CLASS = YES_ERROR;
				CLANG_WARN_RANGE_LOOP_ANALYSIS = YES;
				CLANG_WARN_STRICT_PROTOTYPES = YES;
				CLANG_WARN_SUSPICIOUS_MOVE = YES;
				CLANG_WARN_UNGUARDED_AVAILABILITY = YES_AGGRESSIVE;
				CLANG_WARN_UNREACHABLE_CODE = YES;
				CLANG_WARN__DUPLICATE_METHOD_MATCH = YES;
				COPY_PHASE_STRIP = NO;
				DEBUG_INFORMATION_FORMAT = dwarf;
				ENABLE_STRICT_OBJC_MSGSEND = YES;
				ENABLE_TESTABILITY = YES;
				GCC_C_LANGUAGE_STANDARD = gnu11;
				GCC_DYNAMIC_NO_PIC = NO;
				GCC_NO_COMMON_BLOCKS = YES;
				GCC_OPTIMIZATION_LEVEL = 0;
				GCC_PREPROCESSOR_DEFINITIONS = (
					"DEBUG=1",
					"$(inherited)",
				);
				GCC_WARN_64_TO_32_BIT_CONVERSION = YES;
				GCC_WARN_ABOUT_RETURN_TYPE = YES_ERROR;
				GCC_WARN_UNDECLARED_SELECTOR = YES;
				GCC_WARN_UNINITIALIZED_AUTOS = YES_AGGRESSIVE;
				GCC_WARN_UNUSED_FUNCTION = YES;
				GCC_WARN_UNUSED_VARIABLE = YES;
				IPHONEOS_DEPLOYMENT_TARGET = 13.2;
				MTL_ENABLE_DEBUG_INFO = INCLUDE_SOURCE;
				MTL_FAST_MATH = YES;
				ONLY_ACTIVE_ARCH = YES;
				SDKROOT = iphoneos;
			};
			name = Debug;
		};
		5B41DB2B23E3A71E00929EC5 /* Release */ = {
			isa = XCBuildConfiguration;
			buildSettings = {
				ALWAYS_SEARCH_USER_PATHS = NO;
				CLANG_ANALYZER_NONNULL = YES;
				CLANG_ANALYZER_NUMBER_OBJECT_CONVERSION = YES_AGGRESSIVE;
				CLANG_CXX_LANGUAGE_STANDARD = "gnu++14";
				CLANG_CXX_LIBRARY = "libc++";
				CLANG_ENABLE_MODULES = YES;
				CLANG_ENABLE_OBJC_ARC = YES;
				CLANG_ENABLE_OBJC_WEAK = YES;
				CLANG_WARN_BLOCK_CAPTURE_AUTORELEASING = YES;
				CLANG_WARN_BOOL_CONVERSION = YES;
				CLANG_WARN_COMMA = YES;
				CLANG_WARN_CONSTANT_CONVERSION = YES;
				CLANG_WARN_DEPRECATED_OBJC_IMPLEMENTATIONS = YES;
				CLANG_WARN_DIRECT_OBJC_ISA_USAGE = YES_ERROR;
				CLANG_WARN_DOCUMENTATION_COMMENTS = YES;
				CLANG_WARN_EMPTY_BODY = YES;
				CLANG_WARN_ENUM_CONVERSION = YES;
				CLANG_WARN_INFINITE_RECURSION = YES;
				CLANG_WARN_INT_CONVERSION = YES;
				CLANG_WARN_NON_LITERAL_NULL_CONVERSION = YES;
				CLANG_WARN_OBJC_IMPLICIT_RETAIN_SELF = YES;
				CLANG_WARN_OBJC_LITERAL_CONVERSION = YES;
				CLANG_WARN_OBJC_ROOT_CLASS = YES_ERROR;
				CLANG_WARN_RANGE_LOOP_ANALYSIS = YES;
				CLANG_WARN_STRICT_PROTOTYPES = YES;
				CLANG_WARN_SUSPICIOUS_MOVE = YES;
				CLANG_WARN_UNGUARDED_AVAILABILITY = YES_AGGRESSIVE;
				CLANG_WARN_UNREACHABLE_CODE = YES;
				CLANG_WARN__DUPLICATE_METHOD_MATCH = YES;
				COPY_PHASE_STRIP = NO;
				DEBUG_INFORMATION_FORMAT = "dwarf-with-dsym";
				ENABLE_NS_ASSERTIONS = NO;
				ENABLE_STRICT_OBJC_MSGSEND = YES;
				GCC_C_LANGUAGE_STANDARD = gnu11;
				GCC_NO_COMMON_BLOCKS = YES;
				GCC_WARN_64_TO_32_BIT_CONVERSION = YES;
				GCC_WARN_ABOUT_RETURN_TYPE = YES_ERROR;
				GCC_WARN_UNDECLARED_SELECTOR = YES;
				GCC_WARN_UNINITIALIZED_AUTOS = YES_AGGRESSIVE;
				GCC_WARN_UNUSED_FUNCTION = YES;
				GCC_WARN_UNUSED_VARIABLE = YES;
				IPHONEOS_DEPLOYMENT_TARGET = 13.2;
				MTL_ENABLE_DEBUG_INFO = NO;
				MTL_FAST_MATH = YES;
				SDKROOT = iphoneos;
				VALIDATE_PRODUCT = YES;
			};
			name = Release;
		};
		5B41DB2D23E3A71E00929EC5 /* Debug */ = {
			isa = XCBuildConfiguration;
			buildSettings = {
				ASSETCATALOG_COMPILER_APPICON_NAME = AppIcon;
				CLANG_ENABLE_MODULES = YES;
				CODE_SIGN_ENTITLEMENTS = FDLBuilderTestAppObjC/FDLBuilderTestAppObjC.entitlements;
				CODE_SIGN_IDENTITY = "iPhone Developer";
				CODE_SIGN_STYLE = Manual;
				DEVELOPMENT_TEAM = EQHXZ8M8AV;
				FRAMEWORK_SEARCH_PATHS = "$(PROJECT_DIR)/Firebase";
				HEADER_SEARCH_PATHS = "$(HOME)/Desktop/firebase-ios/firebase-ios-sdk";
				INFOPLIST_FILE = FDLBuilderTestAppObjC/Info.plist;
				IPHONEOS_DEPLOYMENT_TARGET = 12.0;
				LD_RUNPATH_SEARCH_PATHS = (
					"$(inherited)",
					"@executable_path/Frameworks",
				);
				OTHER_LDFLAGS = "-ObjC";
				PRODUCT_BUNDLE_IDENTIFIER = com.google.firebase.dynamiclinks.demo.dev;
				PRODUCT_NAME = "$(TARGET_NAME)";
				PROVISIONING_PROFILE_SPECIFIER = "Firebase Dynamic Links Demo Dev";
				SWIFT_OBJC_BRIDGING_HEADER = "FDLBuilderTestAppObjC-Bridging-Header.h";
				SWIFT_OPTIMIZATION_LEVEL = "-Onone";
				SWIFT_VERSION = 5.0;
				TARGETED_DEVICE_FAMILY = "1,2";
				USER_HEADER_SEARCH_PATHS = (
					"$(HOME)/Desktop/firebase-ios/firebase-ios-sdk/**",
					"$(PROJECT_DIR)/Firebase",
				);
			};
			name = Debug;
		};
		5B41DB2E23E3A71E00929EC5 /* Release */ = {
			isa = XCBuildConfiguration;
			buildSettings = {
				ASSETCATALOG_COMPILER_APPICON_NAME = AppIcon;
				CLANG_ENABLE_MODULES = YES;
				CODE_SIGN_ENTITLEMENTS = FDLBuilderTestAppObjC/FDLBuilderTestAppObjC.entitlements;
				CODE_SIGN_IDENTITY = "iPhone Developer";
				CODE_SIGN_STYLE = Manual;
				DEVELOPMENT_TEAM = EQHXZ8M8AV;
				FRAMEWORK_SEARCH_PATHS = "$(PROJECT_DIR)/Firebase";
				HEADER_SEARCH_PATHS = "$(HOME)/Desktop/firebase-ios/firebase-ios-sdk";
				INFOPLIST_FILE = FDLBuilderTestAppObjC/Info.plist;
				IPHONEOS_DEPLOYMENT_TARGET = 12.0;
				LD_RUNPATH_SEARCH_PATHS = (
					"$(inherited)",
					"@executable_path/Frameworks",
				);
				OTHER_LDFLAGS = "-ObjC";
				PRODUCT_BUNDLE_IDENTIFIER = com.google.firebase.dynamiclinks.demo.dev;
				PRODUCT_NAME = "$(TARGET_NAME)";
				PROVISIONING_PROFILE_SPECIFIER = "Firebase Dynamic Links Demo Dev";
				SWIFT_OBJC_BRIDGING_HEADER = "FDLBuilderTestAppObjC-Bridging-Header.h";
				SWIFT_VERSION = 5.0;
				TARGETED_DEVICE_FAMILY = "1,2";
				USER_HEADER_SEARCH_PATHS = (
					"$(HOME)/Desktop/firebase-ios/firebase-ios-sdk/**",
					"$(PROJECT_DIR)/Firebase",
				);
			};
			name = Release;
		};
/* End XCBuildConfiguration section */

/* Begin XCConfigurationList section */
		5B41DB0E23E3A71C00929EC5 /* Build configuration list for PBXProject "FDLBuilderTestAppObjC" */ = {
			isa = XCConfigurationList;
			buildConfigurations = (
				5B41DB2A23E3A71E00929EC5 /* Debug */,
				5B41DB2B23E3A71E00929EC5 /* Release */,
			);
			defaultConfigurationIsVisible = 0;
			defaultConfigurationName = Release;
		};
		5B41DB2C23E3A71E00929EC5 /* Build configuration list for PBXNativeTarget "FDLBuilderTestAppObjC" */ = {
			isa = XCConfigurationList;
			buildConfigurations = (
				5B41DB2D23E3A71E00929EC5 /* Debug */,
				5B41DB2E23E3A71E00929EC5 /* Release */,
			);
			defaultConfigurationIsVisible = 0;
			defaultConfigurationName = Release;
		};
/* End XCConfigurationList section */
	};
	rootObject = 5B41DB0B23E3A71C00929EC5 /* Project object */;
}
